// !$*UTF8*$!
{
	archiveVersion = 1;
	classes = {
	};
	objectVersion = 50;
	objects = {

/* Begin PBXBuildFile section */
		08CDBB632630622E00499881 /* AppDelegate.swift in Sources */ = {isa = PBXBuildFile; fileRef = 08CDBB622630622E00499881 /* AppDelegate.swift */; };
		08CDBB652630622E00499881 /* SceneDelegate.swift in Sources */ = {isa = PBXBuildFile; fileRef = 08CDBB642630622E00499881 /* SceneDelegate.swift */; };
		08CDBB672630622E00499881 /* ViewController.swift in Sources */ = {isa = PBXBuildFile; fileRef = 08CDBB662630622E00499881 /* ViewController.swift */; };
		08CDBB6C2630622F00499881 /* Assets.xcassets in Resources */ = {isa = PBXBuildFile; fileRef = 08CDBB6B2630622F00499881 /* Assets.xcassets */; };
		08CDBB6F2630622F00499881 /* LaunchScreen.storyboard in Resources */ = {isa = PBXBuildFile; fileRef = 08CDBB6D2630622F00499881 /* LaunchScreen.storyboard */; };
		08CDBB7A2630622F00499881 /* HipoAppTests.swift in Sources */ = {isa = PBXBuildFile; fileRef = 08CDBB792630622F00499881 /* HipoAppTests.swift */; };
		08CDBB852630622F00499881 /* HipoAppUITests.swift in Sources */ = {isa = PBXBuildFile; fileRef = 08CDBB842630622F00499881 /* HipoAppUITests.swift */; };
		08CDBB96263062FA00499881 /* Model.swift in Sources */ = {isa = PBXBuildFile; fileRef = 08CDBB95263062FA00499881 /* Model.swift */; };
		37B6C899FEAFBC4F3B0CE54A /* Pods_HipoAppTests.framework in Frameworks */ = {isa = PBXBuildFile; fileRef = C290617E1590E274E119070F /* Pods_HipoAppTests.framework */; };
		9D191B980904F2BBACB071E7 /* Pods_HipoApp_HipoAppUITests.framework in Frameworks */ = {isa = PBXBuildFile; fileRef = CB94289D93C09F46AF6682EE /* Pods_HipoApp_HipoAppUITests.framework */; };
		EC69E5F82888170D3C355C8D /* Pods_HipoApp.framework in Frameworks */ = {isa = PBXBuildFile; fileRef = 12C6656448D3AB80657C329F /* Pods_HipoApp.framework */; };
/* End PBXBuildFile section */

/* Begin PBXContainerItemProxy section */
		08CDBB762630622F00499881 /* PBXContainerItemProxy */ = {
			isa = PBXContainerItemProxy;
			containerPortal = 08CDBB572630622E00499881 /* Project object */;
			proxyType = 1;
			remoteGlobalIDString = 08CDBB5E2630622E00499881;
			remoteInfo = HipoApp;
		};
		08CDBB812630622F00499881 /* PBXContainerItemProxy */ = {
			isa = PBXContainerItemProxy;
			containerPortal = 08CDBB572630622E00499881 /* Project object */;
			proxyType = 1;
			remoteGlobalIDString = 08CDBB5E2630622E00499881;
			remoteInfo = HipoApp;
		};
/* End PBXContainerItemProxy section */

/* Begin PBXFileReference section */
		08CDBB5F2630622E00499881 /* HipoApp.app */ = {isa = PBXFileReference; explicitFileType = wrapper.application; includeInIndex = 0; path = HipoApp.app; sourceTree = BUILT_PRODUCTS_DIR; };
		08CDBB622630622E00499881 /* AppDelegate.swift */ = {isa = PBXFileReference; lastKnownFileType = sourcecode.swift; path = AppDelegate.swift; sourceTree = "<group>"; };
		08CDBB642630622E00499881 /* SceneDelegate.swift */ = {isa = PBXFileReference; lastKnownFileType = sourcecode.swift; path = SceneDelegate.swift; sourceTree = "<group>"; };
		08CDBB662630622E00499881 /* ViewController.swift */ = {isa = PBXFileReference; lastKnownFileType = sourcecode.swift; path = ViewController.swift; sourceTree = "<group>"; };
		08CDBB6B2630622F00499881 /* Assets.xcassets */ = {isa = PBXFileReference; lastKnownFileType = folder.assetcatalog; path = Assets.xcassets; sourceTree = "<group>"; };
		08CDBB6E2630622F00499881 /* Base */ = {isa = PBXFileReference; lastKnownFileType = file.storyboard; name = Base; path = Base.lproj/LaunchScreen.storyboard; sourceTree = "<group>"; };
		08CDBB702630622F00499881 /* Info.plist */ = {isa = PBXFileReference; lastKnownFileType = text.plist.xml; path = Info.plist; sourceTree = "<group>"; };
		08CDBB752630622F00499881 /* HipoAppTests.xctest */ = {isa = PBXFileReference; explicitFileType = wrapper.cfbundle; includeInIndex = 0; path = HipoAppTests.xctest; sourceTree = BUILT_PRODUCTS_DIR; };
		08CDBB792630622F00499881 /* HipoAppTests.swift */ = {isa = PBXFileReference; lastKnownFileType = sourcecode.swift; path = HipoAppTests.swift; sourceTree = "<group>"; };
		08CDBB7B2630622F00499881 /* Info.plist */ = {isa = PBXFileReference; lastKnownFileType = text.plist.xml; path = Info.plist; sourceTree = "<group>"; };
		08CDBB802630622F00499881 /* HipoAppUITests.xctest */ = {isa = PBXFileReference; explicitFileType = wrapper.cfbundle; includeInIndex = 0; path = HipoAppUITests.xctest; sourceTree = BUILT_PRODUCTS_DIR; };
		08CDBB842630622F00499881 /* HipoAppUITests.swift */ = {isa = PBXFileReference; lastKnownFileType = sourcecode.swift; path = HipoAppUITests.swift; sourceTree = "<group>"; };
		08CDBB862630622F00499881 /* Info.plist */ = {isa = PBXFileReference; lastKnownFileType = text.plist.xml; path = Info.plist; sourceTree = "<group>"; };
		08CDBB95263062FA00499881 /* Model.swift */ = {isa = PBXFileReference; lastKnownFileType = sourcecode.swift; path = Model.swift; sourceTree = "<group>"; };
		12C6656448D3AB80657C329F /* Pods_HipoApp.framework */ = {isa = PBXFileReference; explicitFileType = wrapper.framework; includeInIndex = 0; path = Pods_HipoApp.framework; sourceTree = BUILT_PRODUCTS_DIR; };
		152DA5845427DB3E35C37AB4 /* Pods-HipoAppTests.release.xcconfig */ = {isa = PBXFileReference; includeInIndex = 1; lastKnownFileType = text.xcconfig; name = "Pods-HipoAppTests.release.xcconfig"; path = "Target Support Files/Pods-HipoAppTests/Pods-HipoAppTests.release.xcconfig"; sourceTree = "<group>"; };
		1C9AB7F274A3DF6532A22E50 /* Pods-HipoApp.debug.xcconfig */ = {isa = PBXFileReference; includeInIndex = 1; lastKnownFileType = text.xcconfig; name = "Pods-HipoApp.debug.xcconfig"; path = "Target Support Files/Pods-HipoApp/Pods-HipoApp.debug.xcconfig"; sourceTree = "<group>"; };
		342AF6733D28803CC289C0A2 /* Pods-HipoApp.release.xcconfig */ = {isa = PBXFileReference; includeInIndex = 1; lastKnownFileType = text.xcconfig; name = "Pods-HipoApp.release.xcconfig"; path = "Target Support Files/Pods-HipoApp/Pods-HipoApp.release.xcconfig"; sourceTree = "<group>"; };
		8AAE04EEACDD11A96EEDFD5D /* Pods-HipoApp-HipoAppUITests.release.xcconfig */ = {isa = PBXFileReference; includeInIndex = 1; lastKnownFileType = text.xcconfig; name = "Pods-HipoApp-HipoAppUITests.release.xcconfig"; path = "Target Support Files/Pods-HipoApp-HipoAppUITests/Pods-HipoApp-HipoAppUITests.release.xcconfig"; sourceTree = "<group>"; };
		A31ABE324DF3661E62A92A00 /* Pods-HipoAppTests.debug.xcconfig */ = {isa = PBXFileReference; includeInIndex = 1; lastKnownFileType = text.xcconfig; name = "Pods-HipoAppTests.debug.xcconfig"; path = "Target Support Files/Pods-HipoAppTests/Pods-HipoAppTests.debug.xcconfig"; sourceTree = "<group>"; };
		C290617E1590E274E119070F /* Pods_HipoAppTests.framework */ = {isa = PBXFileReference; explicitFileType = wrapper.framework; includeInIndex = 0; path = Pods_HipoAppTests.framework; sourceTree = BUILT_PRODUCTS_DIR; };
		C57EB8A4B1245A9B4C3CF9EB /* Pods-HipoApp-HipoAppUITests.debug.xcconfig */ = {isa = PBXFileReference; includeInIndex = 1; lastKnownFileType = text.xcconfig; name = "Pods-HipoApp-HipoAppUITests.debug.xcconfig"; path = "Target Support Files/Pods-HipoApp-HipoAppUITests/Pods-HipoApp-HipoAppUITests.debug.xcconfig"; sourceTree = "<group>"; };
		CB94289D93C09F46AF6682EE /* Pods_HipoApp_HipoAppUITests.framework */ = {isa = PBXFileReference; explicitFileType = wrapper.framework; includeInIndex = 0; path = Pods_HipoApp_HipoAppUITests.framework; sourceTree = BUILT_PRODUCTS_DIR; };
/* End PBXFileReference section */

/* Begin PBXFrameworksBuildPhase section */
		08CDBB5C2630622E00499881 /* Frameworks */ = {
			isa = PBXFrameworksBuildPhase;
			buildActionMask = 2147483647;
			files = (
				EC69E5F82888170D3C355C8D /* Pods_HipoApp.framework in Frameworks */,
			);
			runOnlyForDeploymentPostprocessing = 0;
		};
		08CDBB722630622F00499881 /* Frameworks */ = {
			isa = PBXFrameworksBuildPhase;
			buildActionMask = 2147483647;
			files = (
				37B6C899FEAFBC4F3B0CE54A /* Pods_HipoAppTests.framework in Frameworks */,
			);
			runOnlyForDeploymentPostprocessing = 0;
		};
		08CDBB7D2630622F00499881 /* Frameworks */ = {
			isa = PBXFrameworksBuildPhase;
			buildActionMask = 2147483647;
			files = (
				9D191B980904F2BBACB071E7 /* Pods_HipoApp_HipoAppUITests.framework in Frameworks */,
			);
			runOnlyForDeploymentPostprocessing = 0;
		};
/* End PBXFrameworksBuildPhase section */

/* Begin PBXGroup section */
		08CDBB562630622E00499881 = {
			isa = PBXGroup;
			children = (
				08CDBB612630622E00499881 /* HipoApp */,
				08CDBB782630622F00499881 /* HipoAppTests */,
				08CDBB832630622F00499881 /* HipoAppUITests */,
				08CDBB602630622E00499881 /* Products */,
				D9B9AEA7744ED6262A4983A1 /* Pods */,
				63D25D9162CFF4F7DA65A100 /* Frameworks */,
			);
			sourceTree = "<group>";
		};
		08CDBB602630622E00499881 /* Products */ = {
			isa = PBXGroup;
			children = (
				08CDBB5F2630622E00499881 /* HipoApp.app */,
				08CDBB752630622F00499881 /* HipoAppTests.xctest */,
				08CDBB802630622F00499881 /* HipoAppUITests.xctest */,
			);
			name = Products;
			sourceTree = "<group>";
		};
		08CDBB612630622E00499881 /* HipoApp */ = {
			isa = PBXGroup;
			children = (
				08CDBB622630622E00499881 /* AppDelegate.swift */,
				08CDBB642630622E00499881 /* SceneDelegate.swift */,
				08CDBB662630622E00499881 /* ViewController.swift */,
				08CDBB6B2630622F00499881 /* Assets.xcassets */,
				08CDBB6D2630622F00499881 /* LaunchScreen.storyboard */,
				08CDBB702630622F00499881 /* Info.plist */,
				08CDBB95263062FA00499881 /* Model.swift */,
			);
			path = HipoApp;
			sourceTree = "<group>";
		};
		08CDBB782630622F00499881 /* HipoAppTests */ = {
			isa = PBXGroup;
			children = (
				08CDBB792630622F00499881 /* HipoAppTests.swift */,
				08CDBB7B2630622F00499881 /* Info.plist */,
			);
			path = HipoAppTests;
			sourceTree = "<group>";
		};
		08CDBB832630622F00499881 /* HipoAppUITests */ = {
			isa = PBXGroup;
			children = (
				08CDBB842630622F00499881 /* HipoAppUITests.swift */,
				08CDBB862630622F00499881 /* Info.plist */,
			);
			path = HipoAppUITests;
			sourceTree = "<group>";
		};
		63D25D9162CFF4F7DA65A100 /* Frameworks */ = {
			isa = PBXGroup;
			children = (
				12C6656448D3AB80657C329F /* Pods_HipoApp.framework */,
				CB94289D93C09F46AF6682EE /* Pods_HipoApp_HipoAppUITests.framework */,
				C290617E1590E274E119070F /* Pods_HipoAppTests.framework */,
			);
			name = Frameworks;
			sourceTree = "<group>";
		};
		D9B9AEA7744ED6262A4983A1 /* Pods */ = {
			isa = PBXGroup;
			children = (
				1C9AB7F274A3DF6532A22E50 /* Pods-HipoApp.debug.xcconfig */,
				342AF6733D28803CC289C0A2 /* Pods-HipoApp.release.xcconfig */,
				C57EB8A4B1245A9B4C3CF9EB /* Pods-HipoApp-HipoAppUITests.debug.xcconfig */,
				8AAE04EEACDD11A96EEDFD5D /* Pods-HipoApp-HipoAppUITests.release.xcconfig */,
				A31ABE324DF3661E62A92A00 /* Pods-HipoAppTests.debug.xcconfig */,
				152DA5845427DB3E35C37AB4 /* Pods-HipoAppTests.release.xcconfig */,
			);
			name = Pods;
			path = Pods;
			sourceTree = "<group>";
		};
/* End PBXGroup section */

/* Begin PBXNativeTarget section */
		08CDBB5E2630622E00499881 /* HipoApp */ = {
			isa = PBXNativeTarget;
			buildConfigurationList = 08CDBB892630622F00499881 /* Build configuration list for PBXNativeTarget "HipoApp" */;
			buildPhases = (
				0EA846D80DBA4E1300ED4AAA /* [CP] Check Pods Manifest.lock */,
				08CDBB5B2630622E00499881 /* Sources */,
				08CDBB5C2630622E00499881 /* Frameworks */,
				08CDBB5D2630622E00499881 /* Resources */,
				2AF49B11874DC4427116B6D7 /* [CP] Embed Pods Frameworks */,
			);
			buildRules = (
			);
			dependencies = (
			);
			name = HipoApp;
			productName = HipoApp;
			productReference = 08CDBB5F2630622E00499881 /* HipoApp.app */;
			productType = "com.apple.product-type.application";
		};
		08CDBB742630622F00499881 /* HipoAppTests */ = {
			isa = PBXNativeTarget;
			buildConfigurationList = 08CDBB8C2630622F00499881 /* Build configuration list for PBXNativeTarget "HipoAppTests" */;
			buildPhases = (
				959E52A05ABB0273580D4DB4 /* [CP] Check Pods Manifest.lock */,
				08CDBB712630622F00499881 /* Sources */,
				08CDBB722630622F00499881 /* Frameworks */,
				08CDBB732630622F00499881 /* Resources */,
			);
			buildRules = (
			);
			dependencies = (
				08CDBB772630622F00499881 /* PBXTargetDependency */,
			);
			name = HipoAppTests;
			productName = HipoAppTests;
			productReference = 08CDBB752630622F00499881 /* HipoAppTests.xctest */;
			productType = "com.apple.product-type.bundle.unit-test";
		};
		08CDBB7F2630622F00499881 /* HipoAppUITests */ = {
			isa = PBXNativeTarget;
			buildConfigurationList = 08CDBB8F2630622F00499881 /* Build configuration list for PBXNativeTarget "HipoAppUITests" */;
			buildPhases = (
				978B1DA44D5473BC6928A0D5 /* [CP] Check Pods Manifest.lock */,
				08CDBB7C2630622F00499881 /* Sources */,
				08CDBB7D2630622F00499881 /* Frameworks */,
				08CDBB7E2630622F00499881 /* Resources */,
				4227F74DC65F13F0868B0896 /* [CP] Embed Pods Frameworks */,
			);
			buildRules = (
			);
			dependencies = (
				08CDBB822630622F00499881 /* PBXTargetDependency */,
			);
			name = HipoAppUITests;
			productName = HipoAppUITests;
			productReference = 08CDBB802630622F00499881 /* HipoAppUITests.xctest */;
			productType = "com.apple.product-type.bundle.ui-testing";
		};
/* End PBXNativeTarget section */

/* Begin PBXProject section */
		08CDBB572630622E00499881 /* Project object */ = {
			isa = PBXProject;
			attributes = {
				LastSwiftUpdateCheck = 1240;
				LastUpgradeCheck = 1240;
				TargetAttributes = {
					08CDBB5E2630622E00499881 = {
						CreatedOnToolsVersion = 12.4;
					};
					08CDBB742630622F00499881 = {
						CreatedOnToolsVersion = 12.4;
						TestTargetID = 08CDBB5E2630622E00499881;
					};
					08CDBB7F2630622F00499881 = {
						CreatedOnToolsVersion = 12.4;
						TestTargetID = 08CDBB5E2630622E00499881;
					};
				};
			};
			buildConfigurationList = 08CDBB5A2630622E00499881 /* Build configuration list for PBXProject "HipoApp" */;
			compatibilityVersion = "Xcode 9.3";
			developmentRegion = en;
			hasScannedForEncodings = 0;
			knownRegions = (
				en,
				Base,
			);
			mainGroup = 08CDBB562630622E00499881;
			productRefGroup = 08CDBB602630622E00499881 /* Products */;
			projectDirPath = "";
			projectRoot = "";
			targets = (
				08CDBB5E2630622E00499881 /* HipoApp */,
				08CDBB742630622F00499881 /* HipoAppTests */,
				08CDBB7F2630622F00499881 /* HipoAppUITests */,
			);
		};
/* End PBXProject section */

/* Begin PBXResourcesBuildPhase section */
		08CDBB5D2630622E00499881 /* Resources */ = {
			isa = PBXResourcesBuildPhase;
			buildActionMask = 2147483647;
			files = (
				08CDBB6F2630622F00499881 /* LaunchScreen.storyboard in Resources */,
				08CDBB6C2630622F00499881 /* Assets.xcassets in Resources */,
			);
			runOnlyForDeploymentPostprocessing = 0;
		};
		08CDBB732630622F00499881 /* Resources */ = {
			isa = PBXResourcesBuildPhase;
			buildActionMask = 2147483647;
			files = (
			);
			runOnlyForDeploymentPostprocessing = 0;
		};
		08CDBB7E2630622F00499881 /* Resources */ = {
			isa = PBXResourcesBuildPhase;
			buildActionMask = 2147483647;
			files = (
			);
			runOnlyForDeploymentPostprocessing = 0;
		};
/* End PBXResourcesBuildPhase section */

/* Begin PBXShellScriptBuildPhase section */
		0EA846D80DBA4E1300ED4AAA /* [CP] Check Pods Manifest.lock */ = {
			isa = PBXShellScriptBuildPhase;
			buildActionMask = 2147483647;
			files = (
			);
			inputFileListPaths = (
			);
			inputPaths = (
				"${PODS_PODFILE_DIR_PATH}/Podfile.lock",
				"${PODS_ROOT}/Manifest.lock",
			);
			name = "[CP] Check Pods Manifest.lock";
			outputFileListPaths = (
			);
			outputPaths = (
				"$(DERIVED_FILE_DIR)/Pods-HipoApp-checkManifestLockResult.txt",
			);
			runOnlyForDeploymentPostprocessing = 0;
			shellPath = /bin/sh;
			shellScript = "diff \"${PODS_PODFILE_DIR_PATH}/Podfile.lock\" \"${PODS_ROOT}/Manifest.lock\" > /dev/null\nif [ $? != 0 ] ; then\n    # print error to STDERR\n    echo \"error: The sandbox is not in sync with the Podfile.lock. Run 'pod install' or update your CocoaPods installation.\" >&2\n    exit 1\nfi\n# This output is used by Xcode 'outputs' to avoid re-running this script phase.\necho \"SUCCESS\" > \"${SCRIPT_OUTPUT_FILE_0}\"\n";
			showEnvVarsInLog = 0;
		};
		2AF49B11874DC4427116B6D7 /* [CP] Embed Pods Frameworks */ = {
			isa = PBXShellScriptBuildPhase;
			buildActionMask = 2147483647;
			files = (
			);
			inputFileListPaths = (
				"${PODS_ROOT}/Target Support Files/Pods-HipoApp/Pods-HipoApp-frameworks-${CONFIGURATION}-input-files.xcfilelist",
			);
			name = "[CP] Embed Pods Frameworks";
			outputFileListPaths = (
				"${PODS_ROOT}/Target Support Files/Pods-HipoApp/Pods-HipoApp-frameworks-${CONFIGURATION}-output-files.xcfilelist",
			);
			runOnlyForDeploymentPostprocessing = 0;
			shellPath = /bin/sh;
			shellScript = "\"${PODS_ROOT}/Target Support Files/Pods-HipoApp/Pods-HipoApp-frameworks.sh\"\n";
			showEnvVarsInLog = 0;
		};
		4227F74DC65F13F0868B0896 /* [CP] Embed Pods Frameworks */ = {
			isa = PBXShellScriptBuildPhase;
			buildActionMask = 2147483647;
			files = (
			);
			inputFileListPaths = (
				"${PODS_ROOT}/Target Support Files/Pods-HipoApp-HipoAppUITests/Pods-HipoApp-HipoAppUITests-frameworks-${CONFIGURATION}-input-files.xcfilelist",
			);
			name = "[CP] Embed Pods Frameworks";
			outputFileListPaths = (
				"${PODS_ROOT}/Target Support Files/Pods-HipoApp-HipoAppUITests/Pods-HipoApp-HipoAppUITests-frameworks-${CONFIGURATION}-output-files.xcfilelist",
			);
			runOnlyForDeploymentPostprocessing = 0;
			shellPath = /bin/sh;
			shellScript = "\"${PODS_ROOT}/Target Support Files/Pods-HipoApp-HipoAppUITests/Pods-HipoApp-HipoAppUITests-frameworks.sh\"\n";
			showEnvVarsInLog = 0;
		};
		959E52A05ABB0273580D4DB4 /* [CP] Check Pods Manifest.lock */ = {
			isa = PBXShellScriptBuildPhase;
			buildActionMask = 2147483647;
			files = (
			);
			inputFileListPaths = (
			);
			inputPaths = (
				"${PODS_PODFILE_DIR_PATH}/Podfile.lock",
				"${PODS_ROOT}/Manifest.lock",
			);
			name = "[CP] Check Pods Manifest.lock";
			outputFileListPaths = (
			);
			outputPaths = (
				"$(DERIVED_FILE_DIR)/Pods-HipoAppTests-checkManifestLockResult.txt",
			);
			runOnlyForDeploymentPostprocessing = 0;
			shellPath = /bin/sh;
			shellScript = "diff \"${PODS_PODFILE_DIR_PATH}/Podfile.lock\" \"${PODS_ROOT}/Manifest.lock\" > /dev/null\nif [ $? != 0 ] ; then\n    # print error to STDERR\n    echo \"error: The sandbox is not in sync with the Podfile.lock. Run 'pod install' or update your CocoaPods installation.\" >&2\n    exit 1\nfi\n# This output is used by Xcode 'outputs' to avoid re-running this script phase.\necho \"SUCCESS\" > \"${SCRIPT_OUTPUT_FILE_0}\"\n";
			showEnvVarsInLog = 0;
		};
		978B1DA44D5473BC6928A0D5 /* [CP] Check Pods Manifest.lock */ = {
			isa = PBXShellScriptBuildPhase;
			buildActionMask = 2147483647;
			files = (
			);
			inputFileListPaths = (
			);
			inputPaths = (
				"${PODS_PODFILE_DIR_PATH}/Podfile.lock",
				"${PODS_ROOT}/Manifest.lock",
			);
			name = "[CP] Check Pods Manifest.lock";
			outputFileListPaths = (
			);
			outputPaths = (
				"$(DERIVED_FILE_DIR)/Pods-HipoApp-HipoAppUITests-checkManifestLockResult.txt",
			);
			runOnlyForDeploymentPostprocessing = 0;
			shellPath = /bin/sh;
			shellScript = "diff \"${PODS_PODFILE_DIR_PATH}/Podfile.lock\" \"${PODS_ROOT}/Manifest.lock\" > /dev/null\nif [ $? != 0 ] ; then\n    # print error to STDERR\n    echo \"error: The sandbox is not in sync with the Podfile.lock. Run 'pod install' or update your CocoaPods installation.\" >&2\n    exit 1\nfi\n# This output is used by Xcode 'outputs' to avoid re-running this script phase.\necho \"SUCCESS\" > \"${SCRIPT_OUTPUT_FILE_0}\"\n";
			showEnvVarsInLog = 0;
		};
/* End PBXShellScriptBuildPhase section */

/* Begin PBXSourcesBuildPhase section */
		08CDBB5B2630622E00499881 /* Sources */ = {
			isa = PBXSourcesBuildPhase;
			buildActionMask = 2147483647;
			files = (
				08CDBB672630622E00499881 /* ViewController.swift in Sources */,
				08CDBB632630622E00499881 /* AppDelegate.swift in Sources */,
				08CDBB652630622E00499881 /* SceneDelegate.swift in Sources */,
				08CDBB96263062FA00499881 /* Model.swift in Sources */,
			);
			runOnlyForDeploymentPostprocessing = 0;
		};
		08CDBB712630622F00499881 /* Sources */ = {
			isa = PBXSourcesBuildPhase;
			buildActionMask = 2147483647;
			files = (
				08CDBB7A2630622F00499881 /* HipoAppTests.swift in Sources */,
			);
			runOnlyForDeploymentPostprocessing = 0;
		};
		08CDBB7C2630622F00499881 /* Sources */ = {
			isa = PBXSourcesBuildPhase;
			buildActionMask = 2147483647;
			files = (
				08CDBB852630622F00499881 /* HipoAppUITests.swift in Sources */,
			);
			runOnlyForDeploymentPostprocessing = 0;
		};
/* End PBXSourcesBuildPhase section */

/* Begin PBXTargetDependency section */
		08CDBB772630622F00499881 /* PBXTargetDependency */ = {
			isa = PBXTargetDependency;
			target = 08CDBB5E2630622E00499881 /* HipoApp */;
			targetProxy = 08CDBB762630622F00499881 /* PBXContainerItemProxy */;
		};
		08CDBB822630622F00499881 /* PBXTargetDependency */ = {
			isa = PBXTargetDependency;
			target = 08CDBB5E2630622E00499881 /* HipoApp */;
			targetProxy = 08CDBB812630622F00499881 /* PBXContainerItemProxy */;
		};
/* End PBXTargetDependency section */

/* Begin PBXVariantGroup section */
		08CDBB6D2630622F00499881 /* LaunchScreen.storyboard */ = {
			isa = PBXVariantGroup;
			children = (
				08CDBB6E2630622F00499881 /* Base */,
			);
			name = LaunchScreen.storyboard;
			sourceTree = "<group>";
		};
/* End PBXVariantGroup section */

/* Begin XCBuildConfiguration section */
		08CDBB872630622F00499881 /* Debug */ = {
			isa = XCBuildConfiguration;
			buildSettings = {
				ALWAYS_SEARCH_USER_PATHS = NO;
				CLANG_ANALYZER_NONNULL = YES;
				CLANG_ANALYZER_NUMBER_OBJECT_CONVERSION = YES_AGGRESSIVE;
				CLANG_CXX_LANGUAGE_STANDARD = "gnu++14";
				CLANG_CXX_LIBRARY = "libc++";
				CLANG_ENABLE_MODULES = YES;
				CLANG_ENABLE_OBJC_ARC = YES;
				CLANG_ENABLE_OBJC_WEAK = YES;
				CLANG_WARN_BLOCK_CAPTURE_AUTORELEASING = YES;
				CLANG_WARN_BOOL_CONVERSION = YES;
				CLANG_WARN_COMMA = YES;
				CLANG_WARN_CONSTANT_CONVERSION = YES;
				CLANG_WARN_DEPRECATED_OBJC_IMPLEMENTATIONS = YES;
				CLANG_WARN_DIRECT_OBJC_ISA_USAGE = YES_ERROR;
				CLANG_WARN_DOCUMENTATION_COMMENTS = YES;
				CLANG_WARN_EMPTY_BODY = YES;
				CLANG_WARN_ENUM_CONVERSION = YES;
				CLANG_WARN_INFINITE_RECURSION = YES;
				CLANG_WARN_INT_CONVERSION = YES;
				CLANG_WARN_NON_LITERAL_NULL_CONVERSION = YES;
				CLANG_WARN_OBJC_IMPLICIT_RETAIN_SELF = YES;
				CLANG_WARN_OBJC_LITERAL_CONVERSION = YES;
				CLANG_WARN_OBJC_ROOT_CLASS = YES_ERROR;
				CLANG_WARN_QUOTED_INCLUDE_IN_FRAMEWORK_HEADER = YES;
				CLANG_WARN_RANGE_LOOP_ANALYSIS = YES;
				CLANG_WARN_STRICT_PROTOTYPES = YES;
				CLANG_WARN_SUSPICIOUS_MOVE = YES;
				CLANG_WARN_UNGUARDED_AVAILABILITY = YES_AGGRESSIVE;
				CLANG_WARN_UNREACHABLE_CODE = YES;
				CLANG_WARN__DUPLICATE_METHOD_MATCH = YES;
				COPY_PHASE_STRIP = NO;
				DEBUG_INFORMATION_FORMAT = dwarf;
				ENABLE_STRICT_OBJC_MSGSEND = YES;
				ENABLE_TESTABILITY = YES;
				GCC_C_LANGUAGE_STANDARD = gnu11;
				GCC_DYNAMIC_NO_PIC = NO;
				GCC_NO_COMMON_BLOCKS = YES;
				GCC_OPTIMIZATION_LEVEL = 0;
				GCC_PREPROCESSOR_DEFINITIONS = (
					"DEBUG=1",
					"$(inherited)",
				);
				GCC_WARN_64_TO_32_BIT_CONVERSION = YES;
				GCC_WARN_ABOUT_RETURN_TYPE = YES_ERROR;
				GCC_WARN_UNDECLARED_SELECTOR = YES;
				GCC_WARN_UNINITIALIZED_AUTOS = YES_AGGRESSIVE;
				GCC_WARN_UNUSED_FUNCTION = YES;
				GCC_WARN_UNUSED_VARIABLE = YES;
				IPHONEOS_DEPLOYMENT_TARGET = 14.4;
				MTL_ENABLE_DEBUG_INFO = INCLUDE_SOURCE;
				MTL_FAST_MATH = YES;
				ONLY_ACTIVE_ARCH = YES;
				SDKROOT = iphoneos;
				SWIFT_ACTIVE_COMPILATION_CONDITIONS = DEBUG;
				SWIFT_OPTIMIZATION_LEVEL = "-Onone";
			};
			name = Debug;
		};
		08CDBB882630622F00499881 /* Release */ = {
			isa = XCBuildConfiguration;
			buildSettings = {
				ALWAYS_SEARCH_USER_PATHS = NO;
				CLANG_ANALYZER_NONNULL = YES;
				CLANG_ANALYZER_NUMBER_OBJECT_CONVERSION = YES_AGGRESSIVE;
				CLANG_CXX_LANGUAGE_STANDARD = "gnu++14";
				CLANG_CXX_LIBRARY = "libc++";
				CLANG_ENABLE_MODULES = YES;
				CLANG_ENABLE_OBJC_ARC = YES;
				CLANG_ENABLE_OBJC_WEAK = YES;
				CLANG_WARN_BLOCK_CAPTURE_AUTORELEASING = YES;
				CLANG_WARN_BOOL_CONVERSION = YES;
				CLANG_WARN_COMMA = YES;
				CLANG_WARN_CONSTANT_CONVERSION = YES;
				CLANG_WARN_DEPRECATED_OBJC_IMPLEMENTATIONS = YES;
				CLANG_WARN_DIRECT_OBJC_ISA_USAGE = YES_ERROR;
				CLANG_WARN_DOCUMENTATION_COMMENTS = YES;
				CLANG_WARN_EMPTY_BODY = YES;
				CLANG_WARN_ENUM_CONVERSION = YES;
				CLANG_WARN_INFINITE_RECURSION = YES;
				CLANG_WARN_INT_CONVERSION = YES;
				CLANG_WARN_NON_LITERAL_NULL_CONVERSION = YES;
				CLANG_WARN_OBJC_IMPLICIT_RETAIN_SELF = YES;
				CLANG_WARN_OBJC_LITERAL_CONVERSION = YES;
				CLANG_WARN_OBJC_ROOT_CLASS = YES_ERROR;
				CLANG_WARN_QUOTED_INCLUDE_IN_FRAMEWORK_HEADER = YES;
				CLANG_WARN_RANGE_LOOP_ANALYSIS = YES;
				CLANG_WARN_STRICT_PROTOTYPES = YES;
				CLANG_WARN_SUSPICIOUS_MOVE = YES;
				CLANG_WARN_UNGUARDED_AVAILABILITY = YES_AGGRESSIVE;
				CLANG_WARN_UNREACHABLE_CODE = YES;
				CLANG_WARN__DUPLICATE_METHOD_MATCH = YES;
				COPY_PHASE_STRIP = NO;
				DEBUG_INFORMATION_FORMAT = "dwarf-with-dsym";
				ENABLE_NS_ASSERTIONS = NO;
				ENABLE_STRICT_OBJC_MSGSEND = YES;
				GCC_C_LANGUAGE_STANDARD = gnu11;
				GCC_NO_COMMON_BLOCKS = YES;
				GCC_WARN_64_TO_32_BIT_CONVERSION = YES;
				GCC_WARN_ABOUT_RETURN_TYPE = YES_ERROR;
				GCC_WARN_UNDECLARED_SELECTOR = YES;
				GCC_WARN_UNINITIALIZED_AUTOS = YES_AGGRESSIVE;
				GCC_WARN_UNUSED_FUNCTION = YES;
				GCC_WARN_UNUSED_VARIABLE = YES;
				IPHONEOS_DEPLOYMENT_TARGET = 14.4;
				MTL_ENABLE_DEBUG_INFO = NO;
				MTL_FAST_MATH = YES;
				SDKROOT = iphoneos;
				SWIFT_COMPILATION_MODE = wholemodule;
				SWIFT_OPTIMIZATION_LEVEL = "-O";
				VALIDATE_PRODUCT = YES;
			};
			name = Release;
		};
		08CDBB8A2630622F00499881 /* Debug */ = {
			isa = XCBuildConfiguration;
			baseConfigurationReference = 1C9AB7F274A3DF6532A22E50 /* Pods-HipoApp.debug.xcconfig */;
			buildSettings = {
				ASSETCATALOG_COMPILER_APPICON_NAME = AppIcon;
				ASSETCATALOG_COMPILER_GLOBAL_ACCENT_COLOR_NAME = AccentColor;
				CODE_SIGN_STYLE = Automatic;
				INFOPLIST_FILE = HipoApp/Info.plist;
				LD_RUNPATH_SEARCH_PATHS = (
					"$(inherited)",
					"@executable_path/Frameworks",
				);
				PRODUCT_BUNDLE_IDENTIFIER = com.acs.HipoApp;
				PRODUCT_NAME = "$(TARGET_NAME)";
				SWIFT_VERSION = 5.0;
				TARGETED_DEVICE_FAMILY = "1,2";
			};
			name = Debug;
		};
		08CDBB8B2630622F00499881 /* Release */ = {
			isa = XCBuildConfiguration;
			baseConfigurationReference = 342AF6733D28803CC289C0A2 /* Pods-HipoApp.release.xcconfig */;
			buildSettings = {
				ASSETCATALOG_COMPILER_APPICON_NAME = AppIcon;
				ASSETCATALOG_COMPILER_GLOBAL_ACCENT_COLOR_NAME = AccentColor;
				CODE_SIGN_STYLE = Automatic;
				INFOPLIST_FILE = HipoApp/Info.plist;
				LD_RUNPATH_SEARCH_PATHS = (
					"$(inherited)",
					"@executable_path/Frameworks",
				);
				PRODUCT_BUNDLE_IDENTIFIER = com.acs.HipoApp;
				PRODUCT_NAME = "$(TARGET_NAME)";
				SWIFT_VERSION = 5.0;
				TARGETED_DEVICE_FAMILY = "1,2";
			};
			name = Release;
		};
		08CDBB8D2630622F00499881 /* Debug */ = {
			isa = XCBuildConfiguration;
			baseConfigurationReference = A31ABE324DF3661E62A92A00 /* Pods-HipoAppTests.debug.xcconfig */;
			buildSettings = {
				ALWAYS_EMBED_SWIFT_STANDARD_LIBRARIES = YES;
				BUNDLE_LOADER = "$(TEST_HOST)";
				CODE_SIGN_STYLE = Automatic;
				INFOPLIST_FILE = HipoAppTests/Info.plist;
				IPHONEOS_DEPLOYMENT_TARGET = 14.4;
				LD_RUNPATH_SEARCH_PATHS = (
					"$(inherited)",
					"@executable_path/Frameworks",
					"@loader_path/Frameworks",
				);
				PRODUCT_BUNDLE_IDENTIFIER = com.acs.HipoAppTests;
				PRODUCT_NAME = "$(TARGET_NAME)";
				SWIFT_VERSION = 5.0;
				TARGETED_DEVICE_FAMILY = "1,2";
				TEST_HOST = "$(BUILT_PRODUCTS_DIR)/HipoApp.app/HipoApp";
			};
			name = Debug;
		};
		08CDBB8E2630622F00499881 /* Release */ = {
			isa = XCBuildConfiguration;
			baseConfigurationReference = 152DA5845427DB3E35C37AB4 /* Pods-HipoAppTests.release.xcconfig */;
			buildSettings = {
				ALWAYS_EMBED_SWIFT_STANDARD_LIBRARIES = YES;
				BUNDLE_LOADER = "$(TEST_HOST)";
				CODE_SIGN_STYLE = Automatic;
				INFOPLIST_FILE = HipoAppTests/Info.plist;
				IPHONEOS_DEPLOYMENT_TARGET = 14.4;
				LD_RUNPATH_SEARCH_PATHS = (
					"$(inherited)",
					"@executable_path/Frameworks",
					"@loader_path/Frameworks",
				);
				PRODUCT_BUNDLE_IDENTIFIER = com.acs.HipoAppTests;
				PRODUCT_NAME = "$(TARGET_NAME)";
				SWIFT_VERSION = 5.0;
				TARGETED_DEVICE_FAMILY = "1,2";
				TEST_HOST = "$(BUILT_PRODUCTS_DIR)/HipoApp.app/HipoApp";
			};
			name = Release;
		};
		08CDBB902630622F00499881 /* Debug */ = {
			isa = XCBuildConfiguration;
			baseConfigurationReference = C57EB8A4B1245A9B4C3CF9EB /* Pods-HipoApp-HipoAppUITests.debug.xcconfig */;
			buildSettings = {
				ALWAYS_EMBED_SWIFT_STANDARD_LIBRARIES = YES;
				CODE_SIGN_STYLE = Automatic;
				INFOPLIST_FILE = HipoAppUITests/Info.plist;
				LD_RUNPATH_SEARCH_PATHS = (
					"$(inherited)",
					"@executable_path/Frameworks",
					"@loader_path/Frameworks",
				);
				PRODUCT_BUNDLE_IDENTIFIER = com.acs.HipoAppUITests;
				PRODUCT_NAME = "$(TARGET_NAME)";
				SWIFT_VERSION = 5.0;
				TARGETED_DEVICE_FAMILY = "1,2";
				TEST_TARGET_NAME = HipoApp;
			};
			name = Debug;
		};
		08CDBB912630622F00499881 /* Release */ = {
			isa = XCBuildConfiguration;
			baseConfigurationReference = 8AAE04EEACDD11A96EEDFD5D /* Pods-HipoApp-HipoAppUITests.release.xcconfig */;
			buildSettings = {
				ALWAYS_EMBED_SWIFT_STANDARD_LIBRARIES = YES;
				CODE_SIGN_STYLE = Automatic;
				INFOPLIST_FILE = HipoAppUITests/Info.plist;
				LD_RUNPATH_SEARCH_PATHS = (
					"$(inherited)",
					"@executable_path/Frameworks",
					"@loader_path/Frameworks",
				);
				PRODUCT_BUNDLE_IDENTIFIER = com.acs.HipoAppUITests;
				PRODUCT_NAME = "$(TARGET_NAME)";
				SWIFT_VERSION = 5.0;
				TARGETED_DEVICE_FAMILY = "1,2";
				TEST_TARGET_NAME = HipoApp;
			};
			name = Release;
		};
/* End XCBuildConfiguration section */

/* Begin XCConfigurationList section */
		08CDBB5A2630622E00499881 /* Build configuration list for PBXProject "HipoApp" */ = {
			isa = XCConfigurationList;
			buildConfigurations = (
				08CDBB872630622F00499881 /* Debug */,
				08CDBB882630622F00499881 /* Release */,
			);
			defaultConfigurationIsVisible = 0;
			defaultConfigurationName = Release;
		};
		08CDBB892630622F00499881 /* Build configuration list for PBXNativeTarget "HipoApp" */ = {
			isa = XCConfigurationList;
			buildConfigurations = (
				08CDBB8A2630622F00499881 /* Debug */,
				08CDBB8B2630622F00499881 /* Release */,
			);
			defaultConfigurationIsVisible = 0;
			defaultConfigurationName = Release;
		};
		08CDBB8C2630622F00499881 /* Build configuration list for PBXNativeTarget "HipoAppTests" */ = {
			isa = XCConfigurationList;
			buildConfigurations = (
				08CDBB8D2630622F00499881 /* Debug */,
				08CDBB8E2630622F00499881 /* Release */,
			);
			defaultConfigurationIsVisible = 0;
			defaultConfigurationName = Release;
		};
		08CDBB8F2630622F00499881 /* Build configuration list for PBXNativeTarget "HipoAppUITests" */ = {
			isa = XCConfigurationList;
			buildConfigurations = (
				08CDBB902630622F00499881 /* Debug */,
				08CDBB912630622F00499881 /* Release */,
			);
			defaultConfigurationIsVisible = 0;
			defaultConfigurationName = Release;
		};
/* End XCConfigurationList section */
	};
	rootObject = 08CDBB572630622E00499881 /* Project object */;
}
